
Microsoft Visual Studio Solution File, Format Version 12.00
# Visual Studio Version 17
VisualStudioVersion = 17.3.32929.385
MinimumVisualStudioVersion = 10.0.40219.1
Project("{FAE04EC0-301F-11D3-BF4B-00C04F79EFBC}") = "21dobbelen", "21dobbelen\21dobbelen.csproj", "{2988FD25-30B3-45B1-944D-DA3202081D50}"
EndProject
Global
	GlobalSection(SolutionConfigurationPlatforms) = preSolution
		Debug|Any CPU = Debug|Any CPU
		Release|Any CPU = Release|Any CPU
	EndGlobalSection
	GlobalSection(ProjectConfigurationPlatforms) = postSolution
		{2988FD25-30B3-45B1-944D-DA3202081D50}.Debug|Any CPU.ActiveCfg = Debug|Any CPU
		{2988FD25-30B3-45B1-944D-DA3202081D50}.Debug|Any CPU.Build.0 = Debug|Any CPU
		{2988FD25-30B3-45B1-944D-DA3202081D50}.Release|Any CPU.ActiveCfg = Release|Any CPU
		{2988FD25-30B3-45B1-944D-DA3202081D50}.Release|Any CPU.Build.0 = Release|Any CPU
	EndGlobalSection
	GlobalSection(SolutionProperties) = preSolution
		HideSolutionNode = FALSE
	EndGlobalSection
	GlobalSection(ExtensibilityGlobals) = postSolution
		SolutionGuid = {1BA38FC3-1375-45D7-8248-ACAC252E2FCA}
	EndGlobalSection
EndGlobal
