
Microsoft Visual Studio Solution File, Format Version 12.00
# Visual Studio Version 17
VisualStudioVersion = 17.3.32929.385
MinimumVisualStudioVersion = 10.0.40219.1
Project("{9A19103F-16F7-4668-BE54-9A1E7A4F7556}") = "21dobbelen", "21dobbelen\21dobbelen.csproj", "{2988FD25-30B3-45B1-944D-DA3202081D50}"
EndProject
Project("{2150E333-8FDC-42A3-9474-1A3956D46DE8}") = "Solution Items", "Solution Items", "{3F63E809-5E56-4BF9-9230-A1DAD49818EB}"
	ProjectSection(SolutionItems) = preProject
		README.md = README.md
	EndProjectSection
EndProject
Project("{9A19103F-16F7-4668-BE54-9A1E7A4F7556}") = "Yatzee", "Yatzee\Yatzee.csproj", "{1C78152F-460A-452A-BAED-D6AB372C57F0}"
EndProject
Project("{9A19103F-16F7-4668-BE54-9A1E7A4F7556}") = "Rien ne va plus", "Rien ne va plus\Rien ne va plus.csproj", "{35A26AC9-C236-4C2E-A7DB-5D26C881F51D}"
EndProject
Project("{9A19103F-16F7-4668-BE54-9A1E7A4F7556}") = "PartyPeople_Json", "PartyPeople_Json\PartyPeople_Json.csproj", "{03C179F6-9BAF-4030-8EC5-CB3E7E709632}"
EndProject
Project("{9A19103F-16F7-4668-BE54-9A1E7A4F7556}") = "MySqlOverzetten", "MySqlOverzetten\MySqlOverzetten.csproj", "{5ACCC712-1F16-4887-8DA9-B19E9D66219F}"
EndProject
Project("{9A19103F-16F7-4668-BE54-9A1E7A4F7556}") = "Pokemon", "Pokemon\Pokemon.csproj", "{18933E51-8B5A-46E3-8F33-ED7149C81CC8}"
EndProject
Project("{9A19103F-16F7-4668-BE54-9A1E7A4F7556}") = "Test", "Test\Test.csproj", "{C3830A19-AF43-40EB-A453-7E8162DFA3EE}"
EndProject
Project("{9A19103F-16F7-4668-BE54-9A1E7A4F7556}") = "ObjectSerialization", "ObjectSerialization\ObjectSerialization.csproj", "{76A21139-B723-4B49-A800-F252BA001A87}"
EndProject
Project("{9A19103F-16F7-4668-BE54-9A1E7A4F7556}") = "Translator", "Translator\Translator.csproj", "{88B8A0DB-B3DF-460F-A645-B2E4BFE73038}"
EndProject
Project("{9A19103F-16F7-4668-BE54-9A1E7A4F7556}") = "Face", "Face\Face.csproj", "{FF5DE537-43EE-49D5-8508-642822C1720C}"
EndProject
Project("{9A19103F-16F7-4668-BE54-9A1E7A4F7556}") = "Image-Analyzer", "Image-Analyzer\Image-Analyzer.csproj", "{02E09B74-623D-45D7-A66C-8EA27DFA6A11}"
EndProject
Project("{9A19103F-16F7-4668-BE54-9A1E7A4F7556}") = "FindFloorFromText", "FindFloorFromText\FindFloorFromText.csproj", "{66D28DEE-47C4-41C1-978F-466D0CB3AB09}"
EndProject
Project("{9A19103F-16F7-4668-BE54-9A1E7A4F7556}") = "Periode 5_1", "Plantenbak\Periode 5_1.csproj", "{02937175-8E16-4A39-8BAB-085D52B89C18}"
EndProject
Project("{9A19103F-16F7-4668-BE54-9A1E7A4F7556}") = "WeatherApp", "WeatherApp\WeatherApp.csproj", "{FFF2C5BF-B6B9-4576-8BCE-4C8376995A35}"
EndProject
Project("{2150E333-8FDC-42A3-9474-1A3956D46DE8}") = "OOP", "OOP", "{F45B10FC-7981-4177-B548-E068B453BE51}"
EndProject
Project("{FAE04EC0-301F-11D3-BF4B-00C04F79EFBC}") = "Interface", "Interface\Interface.csproj", "{0B6EBADB-6ABF-46AB-A1A2-9338C057BB7A}"
EndProject
Project("{2150E333-8FDC-42A3-9474-1A3956D46DE8}") = "Toetsvragen", "Toetsvragen", "{FD337BB2-1BB8-4820-A2DE-0CC251B2F1FA}"
EndProject
Project("{FAE04EC0-301F-11D3-BF4B-00C04F79EFBC}") = "Periode 5", "Periode 5\Periode 5.csproj", "{3434E3E4-BCF9-437E-A077-AD2EF6C61D6C}"
EndProject
Global
	GlobalSection(SolutionConfigurationPlatforms) = preSolution
		Debug|Any CPU = Debug|Any CPU
		Release|Any CPU = Release|Any CPU
	EndGlobalSection
	GlobalSection(ProjectConfigurationPlatforms) = postSolution
		{2988FD25-30B3-45B1-944D-DA3202081D50}.Debug|Any CPU.ActiveCfg = Debug|Any CPU
		{2988FD25-30B3-45B1-944D-DA3202081D50}.Debug|Any CPU.Build.0 = Debug|Any CPU
		{2988FD25-30B3-45B1-944D-DA3202081D50}.Release|Any CPU.ActiveCfg = Release|Any CPU
		{2988FD25-30B3-45B1-944D-DA3202081D50}.Release|Any CPU.Build.0 = Release|Any CPU
		{1C78152F-460A-452A-BAED-D6AB372C57F0}.Debug|Any CPU.ActiveCfg = Debug|Any CPU
		{1C78152F-460A-452A-BAED-D6AB372C57F0}.Debug|Any CPU.Build.0 = Debug|Any CPU
		{1C78152F-460A-452A-BAED-D6AB372C57F0}.Release|Any CPU.ActiveCfg = Release|Any CPU
		{1C78152F-460A-452A-BAED-D6AB372C57F0}.Release|Any CPU.Build.0 = Release|Any CPU
		{35A26AC9-C236-4C2E-A7DB-5D26C881F51D}.Debug|Any CPU.ActiveCfg = Debug|Any CPU
		{35A26AC9-C236-4C2E-A7DB-5D26C881F51D}.Debug|Any CPU.Build.0 = Debug|Any CPU
		{35A26AC9-C236-4C2E-A7DB-5D26C881F51D}.Release|Any CPU.ActiveCfg = Release|Any CPU
		{35A26AC9-C236-4C2E-A7DB-5D26C881F51D}.Release|Any CPU.Build.0 = Release|Any CPU
		{03C179F6-9BAF-4030-8EC5-CB3E7E709632}.Debug|Any CPU.ActiveCfg = Debug|Any CPU
		{03C179F6-9BAF-4030-8EC5-CB3E7E709632}.Debug|Any CPU.Build.0 = Debug|Any CPU
		{03C179F6-9BAF-4030-8EC5-CB3E7E709632}.Release|Any CPU.ActiveCfg = Release|Any CPU
		{03C179F6-9BAF-4030-8EC5-CB3E7E709632}.Release|Any CPU.Build.0 = Release|Any CPU
		{5ACCC712-1F16-4887-8DA9-B19E9D66219F}.Debug|Any CPU.ActiveCfg = Debug|Any CPU
		{5ACCC712-1F16-4887-8DA9-B19E9D66219F}.Debug|Any CPU.Build.0 = Debug|Any CPU
		{5ACCC712-1F16-4887-8DA9-B19E9D66219F}.Release|Any CPU.ActiveCfg = Release|Any CPU
		{5ACCC712-1F16-4887-8DA9-B19E9D66219F}.Release|Any CPU.Build.0 = Release|Any CPU
		{18933E51-8B5A-46E3-8F33-ED7149C81CC8}.Debug|Any CPU.ActiveCfg = Debug|Any CPU
		{18933E51-8B5A-46E3-8F33-ED7149C81CC8}.Debug|Any CPU.Build.0 = Debug|Any CPU
		{18933E51-8B5A-46E3-8F33-ED7149C81CC8}.Release|Any CPU.ActiveCfg = Release|Any CPU
		{18933E51-8B5A-46E3-8F33-ED7149C81CC8}.Release|Any CPU.Build.0 = Release|Any CPU
		{C3830A19-AF43-40EB-A453-7E8162DFA3EE}.Debug|Any CPU.ActiveCfg = Debug|Any CPU
		{C3830A19-AF43-40EB-A453-7E8162DFA3EE}.Debug|Any CPU.Build.0 = Debug|Any CPU
		{C3830A19-AF43-40EB-A453-7E8162DFA3EE}.Release|Any CPU.ActiveCfg = Release|Any CPU
		{C3830A19-AF43-40EB-A453-7E8162DFA3EE}.Release|Any CPU.Build.0 = Release|Any CPU
		{76A21139-B723-4B49-A800-F252BA001A87}.Debug|Any CPU.ActiveCfg = Debug|Any CPU
		{76A21139-B723-4B49-A800-F252BA001A87}.Debug|Any CPU.Build.0 = Debug|Any CPU
		{76A21139-B723-4B49-A800-F252BA001A87}.Release|Any CPU.ActiveCfg = Release|Any CPU
		{76A21139-B723-4B49-A800-F252BA001A87}.Release|Any CPU.Build.0 = Release|Any CPU
		{88B8A0DB-B3DF-460F-A645-B2E4BFE73038}.Debug|Any CPU.ActiveCfg = Debug|Any CPU
		{88B8A0DB-B3DF-460F-A645-B2E4BFE73038}.Debug|Any CPU.Build.0 = Debug|Any CPU
		{88B8A0DB-B3DF-460F-A645-B2E4BFE73038}.Release|Any CPU.ActiveCfg = Release|Any CPU
		{88B8A0DB-B3DF-460F-A645-B2E4BFE73038}.Release|Any CPU.Build.0 = Release|Any CPU
		{FF5DE537-43EE-49D5-8508-642822C1720C}.Debug|Any CPU.ActiveCfg = Debug|Any CPU
		{FF5DE537-43EE-49D5-8508-642822C1720C}.Debug|Any CPU.Build.0 = Debug|Any CPU
		{FF5DE537-43EE-49D5-8508-642822C1720C}.Release|Any CPU.ActiveCfg = Release|Any CPU
		{FF5DE537-43EE-49D5-8508-642822C1720C}.Release|Any CPU.Build.0 = Release|Any CPU
		{02E09B74-623D-45D7-A66C-8EA27DFA6A11}.Debug|Any CPU.ActiveCfg = Debug|Any CPU
		{02E09B74-623D-45D7-A66C-8EA27DFA6A11}.Debug|Any CPU.Build.0 = Debug|Any CPU
		{02E09B74-623D-45D7-A66C-8EA27DFA6A11}.Release|Any CPU.ActiveCfg = Release|Any CPU
		{02E09B74-623D-45D7-A66C-8EA27DFA6A11}.Release|Any CPU.Build.0 = Release|Any CPU
		{66D28DEE-47C4-41C1-978F-466D0CB3AB09}.Debug|Any CPU.ActiveCfg = Debug|Any CPU
		{66D28DEE-47C4-41C1-978F-466D0CB3AB09}.Debug|Any CPU.Build.0 = Debug|Any CPU
		{66D28DEE-47C4-41C1-978F-466D0CB3AB09}.Release|Any CPU.ActiveCfg = Release|Any CPU
		{66D28DEE-47C4-41C1-978F-466D0CB3AB09}.Release|Any CPU.Build.0 = Release|Any CPU
		{02937175-8E16-4A39-8BAB-085D52B89C18}.Debug|Any CPU.ActiveCfg = Debug|Any CPU
		{02937175-8E16-4A39-8BAB-085D52B89C18}.Debug|Any CPU.Build.0 = Debug|Any CPU
		{02937175-8E16-4A39-8BAB-085D52B89C18}.Release|Any CPU.ActiveCfg = Release|Any CPU
		{02937175-8E16-4A39-8BAB-085D52B89C18}.Release|Any CPU.Build.0 = Release|Any CPU
		{FFF2C5BF-B6B9-4576-8BCE-4C8376995A35}.Debug|Any CPU.ActiveCfg = Debug|Any CPU
		{FFF2C5BF-B6B9-4576-8BCE-4C8376995A35}.Debug|Any CPU.Build.0 = Debug|Any CPU
		{FFF2C5BF-B6B9-4576-8BCE-4C8376995A35}.Release|Any CPU.ActiveCfg = Release|Any CPU
		{FFF2C5BF-B6B9-4576-8BCE-4C8376995A35}.Release|Any CPU.Build.0 = Release|Any CPU
		{0B6EBADB-6ABF-46AB-A1A2-9338C057BB7A}.Debug|Any CPU.ActiveCfg = Debug|Any CPU
		{0B6EBADB-6ABF-46AB-A1A2-9338C057BB7A}.Debug|Any CPU.Build.0 = Debug|Any CPU
		{0B6EBADB-6ABF-46AB-A1A2-9338C057BB7A}.Release|Any CPU.ActiveCfg = Release|Any CPU
		{0B6EBADB-6ABF-46AB-A1A2-9338C057BB7A}.Release|Any CPU.Build.0 = Release|Any CPU
		{3434E3E4-BCF9-437E-A077-AD2EF6C61D6C}.Debug|Any CPU.ActiveCfg = Debug|Any CPU
		{3434E3E4-BCF9-437E-A077-AD2EF6C61D6C}.Debug|Any CPU.Build.0 = Debug|Any CPU
		{3434E3E4-BCF9-437E-A077-AD2EF6C61D6C}.Release|Any CPU.ActiveCfg = Release|Any CPU
		{3434E3E4-BCF9-437E-A077-AD2EF6C61D6C}.Release|Any CPU.Build.0 = Release|Any CPU
	EndGlobalSection
	GlobalSection(SolutionProperties) = preSolution
		HideSolutionNode = FALSE
	EndGlobalSection
	GlobalSection(NestedProjects) = preSolution
		{0B6EBADB-6ABF-46AB-A1A2-9338C057BB7A} = {F45B10FC-7981-4177-B548-E068B453BE51}
		{3434E3E4-BCF9-437E-A077-AD2EF6C61D6C} = {FD337BB2-1BB8-4820-A2DE-0CC251B2F1FA}
	EndGlobalSection
	GlobalSection(ExtensibilityGlobals) = postSolution
		SolutionGuid = {1BA38FC3-1375-45D7-8248-ACAC252E2FCA}
	EndGlobalSection
EndGlobal
